// !$*UTF8*$!
{
	archiveVersion = 1;
	classes = {
	};
	objectVersion = 56;
	objects = {

/* Begin PBXBuildFile section */
		94B4C62F2C0E262E00D4C4EC /* RecipeBoxApp.swift in Sources */ = {isa = PBXBuildFile; fileRef = 94B4C62E2C0E262E00D4C4EC /* RecipeBoxApp.swift */; };
		94B4C6312C0E262E00D4C4EC /* MainView.swift in Sources */ = {isa = PBXBuildFile; fileRef = 94B4C6302C0E262E00D4C4EC /* MainView.swift */; };
		94B4C6352C0E262E00D4C4EC /* Assets.xcassets in Resources */ = {isa = PBXBuildFile; fileRef = 94B4C6342C0E262E00D4C4EC /* Assets.xcassets */; };
		94B4C6392C0E262E00D4C4EC /* Preview Assets.xcassets in Resources */ = {isa = PBXBuildFile; fileRef = 94B4C6382C0E262E00D4C4EC /* Preview Assets.xcassets */; };
		94B4C6432C0E262E00D4C4EC /* RecipeBoxTests.swift in Sources */ = {isa = PBXBuildFile; fileRef = 94B4C6422C0E262E00D4C4EC /* RecipeBoxTests.swift */; };
		94B4C64D2C0E262E00D4C4EC /* RecipeBoxUITests.swift in Sources */ = {isa = PBXBuildFile; fileRef = 94B4C64C2C0E262E00D4C4EC /* RecipeBoxUITests.swift */; };
		94B4C64F2C0E262E00D4C4EC /* RecipeBoxUITestsLaunchTests.swift in Sources */ = {isa = PBXBuildFile; fileRef = 94B4C64E2C0E262E00D4C4EC /* RecipeBoxUITestsLaunchTests.swift */; };
		94B4C6602C0E269500D4C4EC /* RecipeBoxContainer.xcdatamodeld in Sources */ = {isa = PBXBuildFile; fileRef = 94B4C65E2C0E269500D4C4EC /* RecipeBoxContainer.xcdatamodeld */; };
		94B4C6662C0E407C00D4C4EC /* RecipeListView.swift in Sources */ = {isa = PBXBuildFile; fileRef = 94B4C6652C0E407B00D4C4EC /* RecipeListView.swift */; };
		94B4C6682C0E408A00D4C4EC /* RecipeListViewModel.swift in Sources */ = {isa = PBXBuildFile; fileRef = 94B4C6672C0E408A00D4C4EC /* RecipeListViewModel.swift */; };
		94B4C66C2C0E40C000D4C4EC /* PantryView.swift in Sources */ = {isa = PBXBuildFile; fileRef = 94B4C66B2C0E40C000D4C4EC /* PantryView.swift */; };
		94B4C66E2C0E40CA00D4C4EC /* PantryViewModel.swift in Sources */ = {isa = PBXBuildFile; fileRef = 94B4C66D2C0E40CA00D4C4EC /* PantryViewModel.swift */; };
		94B4C6702C0E40D800D4C4EC /* RecipeView.swift in Sources */ = {isa = PBXBuildFile; fileRef = 94B4C66F2C0E40D800D4C4EC /* RecipeView.swift */; };
		94B4C6722C0E40E000D4C4EC /* NewRecipeView.swift in Sources */ = {isa = PBXBuildFile; fileRef = 94B4C6712C0E40E000D4C4EC /* NewRecipeView.swift */; };
		94B4C6742C0E40ED00D4C4EC /* RecipeViewModel.swift in Sources */ = {isa = PBXBuildFile; fileRef = 94B4C6732C0E40ED00D4C4EC /* RecipeViewModel.swift */; };
		94B4C6762C0E40F400D4C4EC /* NewRecipeViewModel.swift in Sources */ = {isa = PBXBuildFile; fileRef = 94B4C6752C0E40F400D4C4EC /* NewRecipeViewModel.swift */; };
		94B4C6782C0E411300D4C4EC /* NewRecipeIngredientView.swift in Sources */ = {isa = PBXBuildFile; fileRef = 94B4C6772C0E411300D4C4EC /* NewRecipeIngredientView.swift */; };
		94B4C67A2C0E412600D4C4EC /* NewRecipeItemViewModel.swift in Sources */ = {isa = PBXBuildFile; fileRef = 94B4C6792C0E412600D4C4EC /* NewRecipeItemViewModel.swift */; };
		94B4C67C2C0E413E00D4C4EC /* NewPantryItemView.swift in Sources */ = {isa = PBXBuildFile; fileRef = 94B4C67B2C0E413E00D4C4EC /* NewPantryItemView.swift */; };
		94B4C67E2C0E415500D4C4EC /* NewPantryItemViewModel.swift in Sources */ = {isa = PBXBuildFile; fileRef = 94B4C67D2C0E415500D4C4EC /* NewPantryItemViewModel.swift */; };
		94B4C6802C0E41A100D4C4EC /* LoginView.swift in Sources */ = {isa = PBXBuildFile; fileRef = 94B4C67F2C0E41A100D4C4EC /* LoginView.swift */; };
		94B4C6832C0E41C200D4C4EC /* LoginViewModel.swift in Sources */ = {isa = PBXBuildFile; fileRef = 94B4C6822C0E41C200D4C4EC /* LoginViewModel.swift */; };
		94B4C6882C0E460400D4C4EC /* Extentions.swift in Sources */ = {isa = PBXBuildFile; fileRef = 94B4C6872C0E460400D4C4EC /* Extentions.swift */; };
		94B4C68A2C0E463900D4C4EC /* PersistenceController.swift in Sources */ = {isa = PBXBuildFile; fileRef = 94B4C6892C0E463900D4C4EC /* PersistenceController.swift */; };
		94B4C68E2C0E481900D4C4EC /* RecipeListCellView.swift in Sources */ = {isa = PBXBuildFile; fileRef = 94B4C68D2C0E481900D4C4EC /* RecipeListCellView.swift */; };
		94B4C6902C0E489100D4C4EC /* KeyboardResponder.swift in Sources */ = {isa = PBXBuildFile; fileRef = 94B4C68F2C0E489100D4C4EC /* KeyboardResponder.swift */; };
		94B4C6922C0E5C1200D4C4EC /* CoreDataManager.swift in Sources */ = {isa = PBXBuildFile; fileRef = 94B4C6912C0E5C1200D4C4EC /* CoreDataManager.swift */; };
/* End PBXBuildFile section */

/* Begin PBXContainerItemProxy section */
		94B4C63F2C0E262E00D4C4EC /* PBXContainerItemProxy */ = {
			isa = PBXContainerItemProxy;
			containerPortal = 94B4C6232C0E262E00D4C4EC /* Project object */;
			proxyType = 1;
			remoteGlobalIDString = 94B4C62A2C0E262E00D4C4EC;
			remoteInfo = RecipeBox;
		};
		94B4C6492C0E262E00D4C4EC /* PBXContainerItemProxy */ = {
			isa = PBXContainerItemProxy;
			containerPortal = 94B4C6232C0E262E00D4C4EC /* Project object */;
			proxyType = 1;
			remoteGlobalIDString = 94B4C62A2C0E262E00D4C4EC;
			remoteInfo = RecipeBox;
		};
/* End PBXContainerItemProxy section */

/* Begin PBXFileReference section */
		94B4C62B2C0E262E00D4C4EC /* RecipeBox.app */ = {isa = PBXFileReference; explicitFileType = wrapper.application; includeInIndex = 0; path = RecipeBox.app; sourceTree = BUILT_PRODUCTS_DIR; };
		94B4C62E2C0E262E00D4C4EC /* RecipeBoxApp.swift */ = {isa = PBXFileReference; lastKnownFileType = sourcecode.swift; path = RecipeBoxApp.swift; sourceTree = "<group>"; };
		94B4C6302C0E262E00D4C4EC /* MainView.swift */ = {isa = PBXFileReference; lastKnownFileType = sourcecode.swift; path = MainView.swift; sourceTree = "<group>"; };
		94B4C6342C0E262E00D4C4EC /* Assets.xcassets */ = {isa = PBXFileReference; lastKnownFileType = folder.assetcatalog; path = Assets.xcassets; sourceTree = "<group>"; };
		94B4C6362C0E262E00D4C4EC /* RecipeBox.entitlements */ = {isa = PBXFileReference; lastKnownFileType = text.plist.entitlements; path = RecipeBox.entitlements; sourceTree = "<group>"; };
		94B4C6382C0E262E00D4C4EC /* Preview Assets.xcassets */ = {isa = PBXFileReference; lastKnownFileType = folder.assetcatalog; path = "Preview Assets.xcassets"; sourceTree = "<group>"; };
		94B4C63E2C0E262E00D4C4EC /* RecipeBoxTests.xctest */ = {isa = PBXFileReference; explicitFileType = wrapper.cfbundle; includeInIndex = 0; path = RecipeBoxTests.xctest; sourceTree = BUILT_PRODUCTS_DIR; };
		94B4C6422C0E262E00D4C4EC /* RecipeBoxTests.swift */ = {isa = PBXFileReference; lastKnownFileType = sourcecode.swift; path = RecipeBoxTests.swift; sourceTree = "<group>"; };
		94B4C6482C0E262E00D4C4EC /* RecipeBoxUITests.xctest */ = {isa = PBXFileReference; explicitFileType = wrapper.cfbundle; includeInIndex = 0; path = RecipeBoxUITests.xctest; sourceTree = BUILT_PRODUCTS_DIR; };
		94B4C64C2C0E262E00D4C4EC /* RecipeBoxUITests.swift */ = {isa = PBXFileReference; lastKnownFileType = sourcecode.swift; path = RecipeBoxUITests.swift; sourceTree = "<group>"; };
		94B4C64E2C0E262E00D4C4EC /* RecipeBoxUITestsLaunchTests.swift */ = {isa = PBXFileReference; lastKnownFileType = sourcecode.swift; path = RecipeBoxUITestsLaunchTests.swift; sourceTree = "<group>"; };
		94B4C65F2C0E269500D4C4EC /* Model.xcdatamodel */ = {isa = PBXFileReference; lastKnownFileType = wrapper.xcdatamodel; path = Model.xcdatamodel; sourceTree = "<group>"; };
		94B4C6652C0E407B00D4C4EC /* RecipeListView.swift */ = {isa = PBXFileReference; lastKnownFileType = sourcecode.swift; path = RecipeListView.swift; sourceTree = "<group>"; };
		94B4C6672C0E408A00D4C4EC /* RecipeListViewModel.swift */ = {isa = PBXFileReference; lastKnownFileType = sourcecode.swift; path = RecipeListViewModel.swift; sourceTree = "<group>"; };
		94B4C66B2C0E40C000D4C4EC /* PantryView.swift */ = {isa = PBXFileReference; lastKnownFileType = sourcecode.swift; path = PantryView.swift; sourceTree = "<group>"; };
		94B4C66D2C0E40CA00D4C4EC /* PantryViewModel.swift */ = {isa = PBXFileReference; lastKnownFileType = sourcecode.swift; path = PantryViewModel.swift; sourceTree = "<group>"; };
		94B4C66F2C0E40D800D4C4EC /* RecipeView.swift */ = {isa = PBXFileReference; lastKnownFileType = sourcecode.swift; path = RecipeView.swift; sourceTree = "<group>"; };
		94B4C6712C0E40E000D4C4EC /* NewRecipeView.swift */ = {isa = PBXFileReference; lastKnownFileType = sourcecode.swift; path = NewRecipeView.swift; sourceTree = "<group>"; };
		94B4C6732C0E40ED00D4C4EC /* RecipeViewModel.swift */ = {isa = PBXFileReference; lastKnownFileType = sourcecode.swift; path = RecipeViewModel.swift; sourceTree = "<group>"; };
		94B4C6752C0E40F400D4C4EC /* NewRecipeViewModel.swift */ = {isa = PBXFileReference; lastKnownFileType = sourcecode.swift; path = NewRecipeViewModel.swift; sourceTree = "<group>"; };
		94B4C6772C0E411300D4C4EC /* NewRecipeIngredientView.swift */ = {isa = PBXFileReference; lastKnownFileType = sourcecode.swift; path = NewRecipeIngredientView.swift; sourceTree = "<group>"; };
		94B4C6792C0E412600D4C4EC /* NewRecipeItemViewModel.swift */ = {isa = PBXFileReference; lastKnownFileType = sourcecode.swift; path = NewRecipeItemViewModel.swift; sourceTree = "<group>"; };
		94B4C67B2C0E413E00D4C4EC /* NewPantryItemView.swift */ = {isa = PBXFileReference; lastKnownFileType = sourcecode.swift; path = NewPantryItemView.swift; sourceTree = "<group>"; };
		94B4C67D2C0E415500D4C4EC /* NewPantryItemViewModel.swift */ = {isa = PBXFileReference; lastKnownFileType = sourcecode.swift; path = NewPantryItemViewModel.swift; sourceTree = "<group>"; };
		94B4C67F2C0E41A100D4C4EC /* LoginView.swift */ = {isa = PBXFileReference; lastKnownFileType = sourcecode.swift; path = LoginView.swift; sourceTree = "<group>"; };
		94B4C6822C0E41C200D4C4EC /* LoginViewModel.swift */ = {isa = PBXFileReference; lastKnownFileType = sourcecode.swift; path = LoginViewModel.swift; sourceTree = "<group>"; };
		94B4C6872C0E460400D4C4EC /* Extentions.swift */ = {isa = PBXFileReference; lastKnownFileType = sourcecode.swift; path = Extentions.swift; sourceTree = "<group>"; };
		94B4C6892C0E463900D4C4EC /* PersistenceController.swift */ = {isa = PBXFileReference; lastKnownFileType = sourcecode.swift; path = PersistenceController.swift; sourceTree = "<group>"; };
		94B4C68D2C0E481900D4C4EC /* RecipeListCellView.swift */ = {isa = PBXFileReference; lastKnownFileType = sourcecode.swift; path = RecipeListCellView.swift; sourceTree = "<group>"; };
		94B4C68F2C0E489100D4C4EC /* KeyboardResponder.swift */ = {isa = PBXFileReference; lastKnownFileType = sourcecode.swift; path = KeyboardResponder.swift; sourceTree = "<group>"; };
		94B4C6912C0E5C1200D4C4EC /* CoreDataManager.swift */ = {isa = PBXFileReference; lastKnownFileType = sourcecode.swift; path = CoreDataManager.swift; sourceTree = "<group>"; };
/* End PBXFileReference section */

/* Begin PBXFrameworksBuildPhase section */
		94B4C6282C0E262E00D4C4EC /* Frameworks */ = {
			isa = PBXFrameworksBuildPhase;
			buildActionMask = 2147483647;
			files = (
			);
			runOnlyForDeploymentPostprocessing = 0;
		};
		94B4C63B2C0E262E00D4C4EC /* Frameworks */ = {
			isa = PBXFrameworksBuildPhase;
			buildActionMask = 2147483647;
			files = (
			);
			runOnlyForDeploymentPostprocessing = 0;
		};
		94B4C6452C0E262E00D4C4EC /* Frameworks */ = {
			isa = PBXFrameworksBuildPhase;
			buildActionMask = 2147483647;
			files = (
			);
			runOnlyForDeploymentPostprocessing = 0;
		};
/* End PBXFrameworksBuildPhase section */

/* Begin PBXGroup section */
		94B4C6222C0E262E00D4C4EC = {
			isa = PBXGroup;
			children = (
				94B4C62D2C0E262E00D4C4EC /* RecipeBox */,
				94B4C6412C0E262E00D4C4EC /* RecipeBoxTests */,
				94B4C64B2C0E262E00D4C4EC /* RecipeBoxUITests */,
				94B4C62C2C0E262E00D4C4EC /* Products */,
			);
			sourceTree = "<group>";
		};
		94B4C62C2C0E262E00D4C4EC /* Products */ = {
			isa = PBXGroup;
			children = (
				94B4C62B2C0E262E00D4C4EC /* RecipeBox.app */,
				94B4C63E2C0E262E00D4C4EC /* RecipeBoxTests.xctest */,
				94B4C6482C0E262E00D4C4EC /* RecipeBoxUITests.xctest */,
			);
			name = Products;
			sourceTree = "<group>";
		};
		94B4C62D2C0E262E00D4C4EC /* RecipeBox */ = {
			isa = PBXGroup;
			children = (
				94B4C65B2C0E264D00D4C4EC /* Other */,
				94B4C65C2C0E265F00D4C4EC /* Main View */,
				94B4C6612C0E400500D4C4EC /* Recipe View */,
				94B4C6692C0E409400D4C4EC /* Pantry View */,
				94B4C6812C0E41AB00D4C4EC /* Main View Model */,
				94B4C6622C0E400C00D4C4EC /* Recipe View Model */,
				94B4C66A2C0E409F00D4C4EC /* Pantry View Model */,
				94B4C6862C0E45F400D4C4EC /* Extentions */,
				94B4C65D2C0E268300D4C4EC /* Model */,
				94B4C6372C0E262E00D4C4EC /* Preview Content */,
			);
			path = RecipeBox;
			sourceTree = "<group>";
		};
		94B4C6372C0E262E00D4C4EC /* Preview Content */ = {
			isa = PBXGroup;
			children = (
				94B4C6382C0E262E00D4C4EC /* Preview Assets.xcassets */,
			);
			path = "Preview Content";
			sourceTree = "<group>";
		};
		94B4C6412C0E262E00D4C4EC /* RecipeBoxTests */ = {
			isa = PBXGroup;
			children = (
				94B4C6422C0E262E00D4C4EC /* RecipeBoxTests.swift */,
			);
			path = RecipeBoxTests;
			sourceTree = "<group>";
		};
		94B4C64B2C0E262E00D4C4EC /* RecipeBoxUITests */ = {
			isa = PBXGroup;
			children = (
				94B4C64C2C0E262E00D4C4EC /* RecipeBoxUITests.swift */,
				94B4C64E2C0E262E00D4C4EC /* RecipeBoxUITestsLaunchTests.swift */,
			);
			path = RecipeBoxUITests;
			sourceTree = "<group>";
		};
		94B4C65B2C0E264D00D4C4EC /* Other */ = {
			isa = PBXGroup;
			children = (
				94B4C62E2C0E262E00D4C4EC /* RecipeBoxApp.swift */,
				94B4C6342C0E262E00D4C4EC /* Assets.xcassets */,
				94B4C6362C0E262E00D4C4EC /* RecipeBox.entitlements */,
			);
			path = Other;
			sourceTree = "<group>";
		};
		94B4C65C2C0E265F00D4C4EC /* Main View */ = {
			isa = PBXGroup;
			children = (
				94B4C6302C0E262E00D4C4EC /* MainView.swift */,
				94B4C67F2C0E41A100D4C4EC /* LoginView.swift */,
			);
			path = "Main View";
			sourceTree = "<group>";
		};
		94B4C65D2C0E268300D4C4EC /* Model */ = {
			isa = PBXGroup;
			children = (
				94B4C65E2C0E269500D4C4EC /* RecipeBoxContainer.xcdatamodeld */,
				94B4C6892C0E463900D4C4EC /* PersistenceController.swift */,
				94B4C6912C0E5C1200D4C4EC /* CoreDataManager.swift */,
			);
			path = Model;
			sourceTree = "<group>";
		};
		94B4C6612C0E400500D4C4EC /* Recipe View */ = {
			isa = PBXGroup;
			children = (
				94B4C6652C0E407B00D4C4EC /* RecipeListView.swift */,
				94B4C68D2C0E481900D4C4EC /* RecipeListCellView.swift */,
				94B4C66F2C0E40D800D4C4EC /* RecipeView.swift */,
				94B4C6712C0E40E000D4C4EC /* NewRecipeView.swift */,
				94B4C6772C0E411300D4C4EC /* NewRecipeIngredientView.swift */,
			);
			path = "Recipe View";
			sourceTree = "<group>";
		};
		94B4C6622C0E400C00D4C4EC /* Recipe View Model */ = {
			isa = PBXGroup;
			children = (
				94B4C6672C0E408A00D4C4EC /* RecipeListViewModel.swift */,
				94B4C6732C0E40ED00D4C4EC /* RecipeViewModel.swift */,
				94B4C6752C0E40F400D4C4EC /* NewRecipeViewModel.swift */,
				94B4C6792C0E412600D4C4EC /* NewRecipeItemViewModel.swift */,
			);
			path = "Recipe View Model";
			sourceTree = "<group>";
		};
		94B4C6692C0E409400D4C4EC /* Pantry View */ = {
			isa = PBXGroup;
			children = (
				94B4C66B2C0E40C000D4C4EC /* PantryView.swift */,
				94B4C67B2C0E413E00D4C4EC /* NewPantryItemView.swift */,
			);
			path = "Pantry View";
			sourceTree = "<group>";
		};
		94B4C66A2C0E409F00D4C4EC /* Pantry View Model */ = {
			isa = PBXGroup;
			children = (
				94B4C66D2C0E40CA00D4C4EC /* PantryViewModel.swift */,
				94B4C67D2C0E415500D4C4EC /* NewPantryItemViewModel.swift */,
			);
			path = "Pantry View Model";
			sourceTree = "<group>";
		};
		94B4C6812C0E41AB00D4C4EC /* Main View Model */ = {
			isa = PBXGroup;
			children = (
				94B4C6822C0E41C200D4C4EC /* LoginViewModel.swift */,
			);
			path = "Main View Model";
			sourceTree = "<group>";
		};
		94B4C6862C0E45F400D4C4EC /* Extentions */ = {
			isa = PBXGroup;
			children = (
				94B4C6872C0E460400D4C4EC /* Extentions.swift */,
				94B4C68F2C0E489100D4C4EC /* KeyboardResponder.swift */,
			);
			path = Extentions;
			sourceTree = "<group>";
		};
/* End PBXGroup section */

/* Begin PBXNativeTarget section */
		94B4C62A2C0E262E00D4C4EC /* RecipeBox */ = {
			isa = PBXNativeTarget;
			buildConfigurationList = 94B4C6522C0E262E00D4C4EC /* Build configuration list for PBXNativeTarget "RecipeBox" */;
			buildPhases = (
				94B4C6272C0E262E00D4C4EC /* Sources */,
				94B4C6282C0E262E00D4C4EC /* Frameworks */,
				94B4C6292C0E262E00D4C4EC /* Resources */,
			);
			buildRules = (
			);
			dependencies = (
			);
			name = RecipeBox;
			productName = RecipeBox;
			productReference = 94B4C62B2C0E262E00D4C4EC /* RecipeBox.app */;
			productType = "com.apple.product-type.application";
		};
		94B4C63D2C0E262E00D4C4EC /* RecipeBoxTests */ = {
			isa = PBXNativeTarget;
			buildConfigurationList = 94B4C6552C0E262E00D4C4EC /* Build configuration list for PBXNativeTarget "RecipeBoxTests" */;
			buildPhases = (
				94B4C63A2C0E262E00D4C4EC /* Sources */,
				94B4C63B2C0E262E00D4C4EC /* Frameworks */,
				94B4C63C2C0E262E00D4C4EC /* Resources */,
			);
			buildRules = (
			);
			dependencies = (
				94B4C6402C0E262E00D4C4EC /* PBXTargetDependency */,
			);
			name = RecipeBoxTests;
			productName = RecipeBoxTests;
			productReference = 94B4C63E2C0E262E00D4C4EC /* RecipeBoxTests.xctest */;
			productType = "com.apple.product-type.bundle.unit-test";
		};
		94B4C6472C0E262E00D4C4EC /* RecipeBoxUITests */ = {
			isa = PBXNativeTarget;
			buildConfigurationList = 94B4C6582C0E262E00D4C4EC /* Build configuration list for PBXNativeTarget "RecipeBoxUITests" */;
			buildPhases = (
				94B4C6442C0E262E00D4C4EC /* Sources */,
				94B4C6452C0E262E00D4C4EC /* Frameworks */,
				94B4C6462C0E262E00D4C4EC /* Resources */,
			);
			buildRules = (
			);
			dependencies = (
				94B4C64A2C0E262E00D4C4EC /* PBXTargetDependency */,
			);
			name = RecipeBoxUITests;
			productName = RecipeBoxUITests;
			productReference = 94B4C6482C0E262E00D4C4EC /* RecipeBoxUITests.xctest */;
			productType = "com.apple.product-type.bundle.ui-testing";
		};
/* End PBXNativeTarget section */

/* Begin PBXProject section */
		94B4C6232C0E262E00D4C4EC /* Project object */ = {
			isa = PBXProject;
			attributes = {
				BuildIndependentTargetsInParallel = 1;
				LastSwiftUpdateCheck = 1540;
				LastUpgradeCheck = 1540;
				TargetAttributes = {
					94B4C62A2C0E262E00D4C4EC = {
						CreatedOnToolsVersion = 15.4;
					};
					94B4C63D2C0E262E00D4C4EC = {
						CreatedOnToolsVersion = 15.4;
						TestTargetID = 94B4C62A2C0E262E00D4C4EC;
					};
					94B4C6472C0E262E00D4C4EC = {
						CreatedOnToolsVersion = 15.4;
						TestTargetID = 94B4C62A2C0E262E00D4C4EC;
					};
				};
			};
			buildConfigurationList = 94B4C6262C0E262E00D4C4EC /* Build configuration list for PBXProject "RecipeBox" */;
			compatibilityVersion = "Xcode 14.0";
			developmentRegion = en;
			hasScannedForEncodings = 0;
			knownRegions = (
				en,
				Base,
			);
			mainGroup = 94B4C6222C0E262E00D4C4EC;
			productRefGroup = 94B4C62C2C0E262E00D4C4EC /* Products */;
			projectDirPath = "";
			projectRoot = "";
			targets = (
				94B4C62A2C0E262E00D4C4EC /* RecipeBox */,
				94B4C63D2C0E262E00D4C4EC /* RecipeBoxTests */,
				94B4C6472C0E262E00D4C4EC /* RecipeBoxUITests */,
			);
		};
/* End PBXProject section */

/* Begin PBXResourcesBuildPhase section */
		94B4C6292C0E262E00D4C4EC /* Resources */ = {
			isa = PBXResourcesBuildPhase;
			buildActionMask = 2147483647;
			files = (
				94B4C6392C0E262E00D4C4EC /* Preview Assets.xcassets in Resources */,
				94B4C6352C0E262E00D4C4EC /* Assets.xcassets in Resources */,
			);
			runOnlyForDeploymentPostprocessing = 0;
		};
		94B4C63C2C0E262E00D4C4EC /* Resources */ = {
			isa = PBXResourcesBuildPhase;
			buildActionMask = 2147483647;
			files = (
			);
			runOnlyForDeploymentPostprocessing = 0;
		};
		94B4C6462C0E262E00D4C4EC /* Resources */ = {
			isa = PBXResourcesBuildPhase;
			buildActionMask = 2147483647;
			files = (
			);
			runOnlyForDeploymentPostprocessing = 0;
		};
/* End PBXResourcesBuildPhase section */

/* Begin PBXSourcesBuildPhase section */
		94B4C6272C0E262E00D4C4EC /* Sources */ = {
			isa = PBXSourcesBuildPhase;
			buildActionMask = 2147483647;
			files = (
				94B4C6682C0E408A00D4C4EC /* RecipeListViewModel.swift in Sources */,
				94B4C66E2C0E40CA00D4C4EC /* PantryViewModel.swift in Sources */,
				94B4C6902C0E489100D4C4EC /* KeyboardResponder.swift in Sources */,
				94B4C6662C0E407C00D4C4EC /* RecipeListView.swift in Sources */,
				94B4C6312C0E262E00D4C4EC /* MainView.swift in Sources */,
				94B4C67C2C0E413E00D4C4EC /* NewPantryItemView.swift in Sources */,
				94B4C67E2C0E415500D4C4EC /* NewPantryItemViewModel.swift in Sources */,
				94B4C6882C0E460400D4C4EC /* Extentions.swift in Sources */,
				94B4C6742C0E40ED00D4C4EC /* RecipeViewModel.swift in Sources */,
				94B4C6702C0E40D800D4C4EC /* RecipeView.swift in Sources */,
				94B4C6922C0E5C1200D4C4EC /* CoreDataManager.swift in Sources */,
				94B4C6832C0E41C200D4C4EC /* LoginViewModel.swift in Sources */,
				94B4C6722C0E40E000D4C4EC /* NewRecipeView.swift in Sources */,
				94B4C6782C0E411300D4C4EC /* NewRecipeIngredientView.swift in Sources */,
				94B4C66C2C0E40C000D4C4EC /* PantryView.swift in Sources */,
				94B4C68A2C0E463900D4C4EC /* PersistenceController.swift in Sources */,
				94B4C68E2C0E481900D4C4EC /* RecipeListCellView.swift in Sources */,
				94B4C6802C0E41A100D4C4EC /* LoginView.swift in Sources */,
				94B4C62F2C0E262E00D4C4EC /* RecipeBoxApp.swift in Sources */,
				94B4C6602C0E269500D4C4EC /* RecipeBoxContainer.xcdatamodeld in Sources */,
				94B4C67A2C0E412600D4C4EC /* NewRecipeItemViewModel.swift in Sources */,
				94B4C6762C0E40F400D4C4EC /* NewRecipeViewModel.swift in Sources */,
			);
			runOnlyForDeploymentPostprocessing = 0;
		};
		94B4C63A2C0E262E00D4C4EC /* Sources */ = {
			isa = PBXSourcesBuildPhase;
			buildActionMask = 2147483647;
			files = (
				94B4C6432C0E262E00D4C4EC /* RecipeBoxTests.swift in Sources */,
			);
			runOnlyForDeploymentPostprocessing = 0;
		};
		94B4C6442C0E262E00D4C4EC /* Sources */ = {
			isa = PBXSourcesBuildPhase;
			buildActionMask = 2147483647;
			files = (
				94B4C64F2C0E262E00D4C4EC /* RecipeBoxUITestsLaunchTests.swift in Sources */,
				94B4C64D2C0E262E00D4C4EC /* RecipeBoxUITests.swift in Sources */,
			);
			runOnlyForDeploymentPostprocessing = 0;
		};
/* End PBXSourcesBuildPhase section */

/* Begin PBXTargetDependency section */
		94B4C6402C0E262E00D4C4EC /* PBXTargetDependency */ = {
			isa = PBXTargetDependency;
			target = 94B4C62A2C0E262E00D4C4EC /* RecipeBox */;
			targetProxy = 94B4C63F2C0E262E00D4C4EC /* PBXContainerItemProxy */;
		};
		94B4C64A2C0E262E00D4C4EC /* PBXTargetDependency */ = {
			isa = PBXTargetDependency;
			target = 94B4C62A2C0E262E00D4C4EC /* RecipeBox */;
			targetProxy = 94B4C6492C0E262E00D4C4EC /* PBXContainerItemProxy */;
		};
/* End PBXTargetDependency section */

/* Begin XCBuildConfiguration section */
		94B4C6502C0E262E00D4C4EC /* Debug */ = {
			isa = XCBuildConfiguration;
			buildSettings = {
				ALWAYS_SEARCH_USER_PATHS = NO;
				ASSETCATALOG_COMPILER_GENERATE_SWIFT_ASSET_SYMBOL_EXTENSIONS = YES;
				CLANG_ANALYZER_NONNULL = YES;
				CLANG_ANALYZER_NUMBER_OBJECT_CONVERSION = YES_AGGRESSIVE;
				CLANG_CXX_LANGUAGE_STANDARD = "gnu++20";
				CLANG_ENABLE_MODULES = YES;
				CLANG_ENABLE_OBJC_ARC = YES;
				CLANG_ENABLE_OBJC_WEAK = YES;
				CLANG_WARN_BLOCK_CAPTURE_AUTORELEASING = YES;
				CLANG_WARN_BOOL_CONVERSION = YES;
				CLANG_WARN_COMMA = YES;
				CLANG_WARN_CONSTANT_CONVERSION = YES;
				CLANG_WARN_DEPRECATED_OBJC_IMPLEMENTATIONS = YES;
				CLANG_WARN_DIRECT_OBJC_ISA_USAGE = YES_ERROR;
				CLANG_WARN_DOCUMENTATION_COMMENTS = YES;
				CLANG_WARN_EMPTY_BODY = YES;
				CLANG_WARN_ENUM_CONVERSION = YES;
				CLANG_WARN_INFINITE_RECURSION = YES;
				CLANG_WARN_INT_CONVERSION = YES;
				CLANG_WARN_NON_LITERAL_NULL_CONVERSION = YES;
				CLANG_WARN_OBJC_IMPLICIT_RETAIN_SELF = YES;
				CLANG_WARN_OBJC_LITERAL_CONVERSION = YES;
				CLANG_WARN_OBJC_ROOT_CLASS = YES_ERROR;
				CLANG_WARN_QUOTED_INCLUDE_IN_FRAMEWORK_HEADER = YES;
				CLANG_WARN_RANGE_LOOP_ANALYSIS = YES;
				CLANG_WARN_STRICT_PROTOTYPES = YES;
				CLANG_WARN_SUSPICIOUS_MOVE = YES;
				CLANG_WARN_UNGUARDED_AVAILABILITY = YES_AGGRESSIVE;
				CLANG_WARN_UNREACHABLE_CODE = YES;
				CLANG_WARN__DUPLICATE_METHOD_MATCH = YES;
				COPY_PHASE_STRIP = NO;
				DEBUG_INFORMATION_FORMAT = dwarf;
				ENABLE_STRICT_OBJC_MSGSEND = YES;
				ENABLE_TESTABILITY = YES;
				ENABLE_USER_SCRIPT_SANDBOXING = YES;
				GCC_C_LANGUAGE_STANDARD = gnu17;
				GCC_DYNAMIC_NO_PIC = NO;
				GCC_NO_COMMON_BLOCKS = YES;
				GCC_OPTIMIZATION_LEVEL = 0;
				GCC_PREPROCESSOR_DEFINITIONS = (
					"DEBUG=1",
					"$(inherited)",
				);
				GCC_WARN_64_TO_32_BIT_CONVERSION = YES;
				GCC_WARN_ABOUT_RETURN_TYPE = YES_ERROR;
				GCC_WARN_UNDECLARED_SELECTOR = YES;
				GCC_WARN_UNINITIALIZED_AUTOS = YES_AGGRESSIVE;
				GCC_WARN_UNUSED_FUNCTION = YES;
				GCC_WARN_UNUSED_VARIABLE = YES;
				LOCALIZATION_PREFERS_STRING_CATALOGS = YES;
				MTL_ENABLE_DEBUG_INFO = INCLUDE_SOURCE;
				MTL_FAST_MATH = YES;
				ONLY_ACTIVE_ARCH = YES;
				SWIFT_ACTIVE_COMPILATION_CONDITIONS = "DEBUG $(inherited)";
				SWIFT_OPTIMIZATION_LEVEL = "-Onone";
			};
			name = Debug;
		};
		94B4C6512C0E262E00D4C4EC /* Release */ = {
			isa = XCBuildConfiguration;
			buildSettings = {
				ALWAYS_SEARCH_USER_PATHS = NO;
				ASSETCATALOG_COMPILER_GENERATE_SWIFT_ASSET_SYMBOL_EXTENSIONS = YES;
				CLANG_ANALYZER_NONNULL = YES;
				CLANG_ANALYZER_NUMBER_OBJECT_CONVERSION = YES_AGGRESSIVE;
				CLANG_CXX_LANGUAGE_STANDARD = "gnu++20";
				CLANG_ENABLE_MODULES = YES;
				CLANG_ENABLE_OBJC_ARC = YES;
				CLANG_ENABLE_OBJC_WEAK = YES;
				CLANG_WARN_BLOCK_CAPTURE_AUTORELEASING = YES;
				CLANG_WARN_BOOL_CONVERSION = YES;
				CLANG_WARN_COMMA = YES;
				CLANG_WARN_CONSTANT_CONVERSION = YES;
				CLANG_WARN_DEPRECATED_OBJC_IMPLEMENTATIONS = YES;
				CLANG_WARN_DIRECT_OBJC_ISA_USAGE = YES_ERROR;
				CLANG_WARN_DOCUMENTATION_COMMENTS = YES;
				CLANG_WARN_EMPTY_BODY = YES;
				CLANG_WARN_ENUM_CONVERSION = YES;
				CLANG_WARN_INFINITE_RECURSION = YES;
				CLANG_WARN_INT_CONVERSION = YES;
				CLANG_WARN_NON_LITERAL_NULL_CONVERSION = YES;
				CLANG_WARN_OBJC_IMPLICIT_RETAIN_SELF = YES;
				CLANG_WARN_OBJC_LITERAL_CONVERSION = YES;
				CLANG_WARN_OBJC_ROOT_CLASS = YES_ERROR;
				CLANG_WARN_QUOTED_INCLUDE_IN_FRAMEWORK_HEADER = YES;
				CLANG_WARN_RANGE_LOOP_ANALYSIS = YES;
				CLANG_WARN_STRICT_PROTOTYPES = YES;
				CLANG_WARN_SUSPICIOUS_MOVE = YES;
				CLANG_WARN_UNGUARDED_AVAILABILITY = YES_AGGRESSIVE;
				CLANG_WARN_UNREACHABLE_CODE = YES;
				CLANG_WARN__DUPLICATE_METHOD_MATCH = YES;
				COPY_PHASE_STRIP = NO;
				DEBUG_INFORMATION_FORMAT = "dwarf-with-dsym";
				ENABLE_NS_ASSERTIONS = NO;
				ENABLE_STRICT_OBJC_MSGSEND = YES;
				ENABLE_USER_SCRIPT_SANDBOXING = YES;
				GCC_C_LANGUAGE_STANDARD = gnu17;
				GCC_NO_COMMON_BLOCKS = YES;
				GCC_WARN_64_TO_32_BIT_CONVERSION = YES;
				GCC_WARN_ABOUT_RETURN_TYPE = YES_ERROR;
				GCC_WARN_UNDECLARED_SELECTOR = YES;
				GCC_WARN_UNINITIALIZED_AUTOS = YES_AGGRESSIVE;
				GCC_WARN_UNUSED_FUNCTION = YES;
				GCC_WARN_UNUSED_VARIABLE = YES;
				LOCALIZATION_PREFERS_STRING_CATALOGS = YES;
				MTL_ENABLE_DEBUG_INFO = NO;
				MTL_FAST_MATH = YES;
				SWIFT_COMPILATION_MODE = wholemodule;
			};
			name = Release;
		};
		94B4C6532C0E262E00D4C4EC /* Debug */ = {
			isa = XCBuildConfiguration;
			buildSettings = {
				ASSETCATALOG_COMPILER_APPICON_NAME = AppIcon;
				ASSETCATALOG_COMPILER_GLOBAL_ACCENT_COLOR_NAME = AccentColor;
				CODE_SIGN_ENTITLEMENTS = RecipeBox/RecipeBox.entitlements;
				CODE_SIGN_STYLE = Automatic;
				CURRENT_PROJECT_VERSION = 1;
				DEVELOPMENT_ASSET_PATHS = "\"RecipeBox/Preview Content\"";
				DEVELOPMENT_TEAM = 2GJUMJWJC5;
				ENABLE_HARDENED_RUNTIME = YES;
				ENABLE_PREVIEWS = YES;
				GENERATE_INFOPLIST_FILE = YES;
				"INFOPLIST_KEY_UIApplicationSceneManifest_Generation[sdk=iphoneos*]" = YES;
				"INFOPLIST_KEY_UIApplicationSceneManifest_Generation[sdk=iphonesimulator*]" = YES;
				"INFOPLIST_KEY_UIApplicationSupportsIndirectInputEvents[sdk=iphoneos*]" = YES;
				"INFOPLIST_KEY_UIApplicationSupportsIndirectInputEvents[sdk=iphonesimulator*]" = YES;
				"INFOPLIST_KEY_UILaunchScreen_Generation[sdk=iphoneos*]" = YES;
				"INFOPLIST_KEY_UILaunchScreen_Generation[sdk=iphonesimulator*]" = YES;
				"INFOPLIST_KEY_UIStatusBarStyle[sdk=iphoneos*]" = UIStatusBarStyleDefault;
				"INFOPLIST_KEY_UIStatusBarStyle[sdk=iphonesimulator*]" = UIStatusBarStyleDefault;
				INFOPLIST_KEY_UISupportedInterfaceOrientations_iPad = "UIInterfaceOrientationPortrait UIInterfaceOrientationPortraitUpsideDown UIInterfaceOrientationLandscapeLeft UIInterfaceOrientationLandscapeRight";
				INFOPLIST_KEY_UISupportedInterfaceOrientations_iPhone = "UIInterfaceOrientationPortrait UIInterfaceOrientationLandscapeLeft UIInterfaceOrientationLandscapeRight";
				IPHONEOS_DEPLOYMENT_TARGET = 17.5;
				LD_RUNPATH_SEARCH_PATHS = "@executable_path/Frameworks";
				"LD_RUNPATH_SEARCH_PATHS[sdk=macosx*]" = "@executable_path/../Frameworks";
				MACOSX_DEPLOYMENT_TARGET = 14.0;
				MARKETING_VERSION = 1.0;
				PRODUCT_BUNDLE_IDENTIFIER = com.kylenabors.RecipeBox;
				PRODUCT_NAME = "$(TARGET_NAME)";
				SDKROOT = auto;
				SUPPORTED_PLATFORMS = "iphoneos iphonesimulator macosx";
				SWIFT_EMIT_LOC_STRINGS = YES;
				SWIFT_VERSION = 5.0;
				TARGETED_DEVICE_FAMILY = "1,2";
			};
			name = Debug;
		};
		94B4C6542C0E262E00D4C4EC /* Release */ = {
			isa = XCBuildConfiguration;
			buildSettings = {
				ASSETCATALOG_COMPILER_APPICON_NAME = AppIcon;
				ASSETCATALOG_COMPILER_GLOBAL_ACCENT_COLOR_NAME = AccentColor;
				CODE_SIGN_ENTITLEMENTS = RecipeBox/RecipeBox.entitlements;
				CODE_SIGN_STYLE = Automatic;
				CURRENT_PROJECT_VERSION = 1;
				DEVELOPMENT_ASSET_PATHS = "\"RecipeBox/Preview Content\"";
				DEVELOPMENT_TEAM = 2GJUMJWJC5;
				ENABLE_HARDENED_RUNTIME = YES;
				ENABLE_PREVIEWS = YES;
				GENERATE_INFOPLIST_FILE = YES;
				"INFOPLIST_KEY_UIApplicationSceneManifest_Generation[sdk=iphoneos*]" = YES;
				"INFOPLIST_KEY_UIApplicationSceneManifest_Generation[sdk=iphonesimulator*]" = YES;
				"INFOPLIST_KEY_UIApplicationSupportsIndirectInputEvents[sdk=iphoneos*]" = YES;
				"INFOPLIST_KEY_UIApplicationSupportsIndirectInputEvents[sdk=iphonesimulator*]" = YES;
				"INFOPLIST_KEY_UILaunchScreen_Generation[sdk=iphoneos*]" = YES;
				"INFOPLIST_KEY_UILaunchScreen_Generation[sdk=iphonesimulator*]" = YES;
				"INFOPLIST_KEY_UIStatusBarStyle[sdk=iphoneos*]" = UIStatusBarStyleDefault;
				"INFOPLIST_KEY_UIStatusBarStyle[sdk=iphonesimulator*]" = UIStatusBarStyleDefault;
				INFOPLIST_KEY_UISupportedInterfaceOrientations_iPad = "UIInterfaceOrientationPortrait UIInterfaceOrientationPortraitUpsideDown UIInterfaceOrientationLandscapeLeft UIInterfaceOrientationLandscapeRight";
				INFOPLIST_KEY_UISupportedInterfaceOrientations_iPhone = "UIInterfaceOrientationPortrait UIInterfaceOrientationLandscapeLeft UIInterfaceOrientationLandscapeRight";
				IPHONEOS_DEPLOYMENT_TARGET = 17.5;
				LD_RUNPATH_SEARCH_PATHS = "@executable_path/Frameworks";
				"LD_RUNPATH_SEARCH_PATHS[sdk=macosx*]" = "@executable_path/../Frameworks";
				MACOSX_DEPLOYMENT_TARGET = 14.0;
				MARKETING_VERSION = 1.0;
				PRODUCT_BUNDLE_IDENTIFIER = com.kylenabors.RecipeBox;
				PRODUCT_NAME = "$(TARGET_NAME)";
				SDKROOT = auto;
				SUPPORTED_PLATFORMS = "iphoneos iphonesimulator macosx";
				SWIFT_EMIT_LOC_STRINGS = YES;
				SWIFT_VERSION = 5.0;
				TARGETED_DEVICE_FAMILY = "1,2";
			};
			name = Release;
		};
		94B4C6562C0E262E00D4C4EC /* Debug */ = {
			isa = XCBuildConfiguration;
			buildSettings = {
				ALWAYS_EMBED_SWIFT_STANDARD_LIBRARIES = YES;
				BUNDLE_LOADER = "$(TEST_HOST)";
				CODE_SIGN_STYLE = Automatic;
				CURRENT_PROJECT_VERSION = 1;
				DEVELOPMENT_TEAM = 2GJUMJWJC5;
				GENERATE_INFOPLIST_FILE = YES;
				IPHONEOS_DEPLOYMENT_TARGET = 17.5;
				MACOSX_DEPLOYMENT_TARGET = 14.5;
				MARKETING_VERSION = 1.0;
				PRODUCT_BUNDLE_IDENTIFIER = com.kylenabors.RecipeBoxTests;
				PRODUCT_NAME = "$(TARGET_NAME)";
				SDKROOT = auto;
				SUPPORTED_PLATFORMS = "iphoneos iphonesimulator macosx";
				SWIFT_EMIT_LOC_STRINGS = NO;
				SWIFT_VERSION = 5.0;
				TARGETED_DEVICE_FAMILY = "1,2";
				TEST_HOST = "$(BUILT_PRODUCTS_DIR)/RecipeBox.app/$(BUNDLE_EXECUTABLE_FOLDER_PATH)/RecipeBox";
			};
			name = Debug;
		};
		94B4C6572C0E262E00D4C4EC /* Release */ = {
			isa = XCBuildConfiguration;
			buildSettings = {
				ALWAYS_EMBED_SWIFT_STANDARD_LIBRARIES = YES;
				BUNDLE_LOADER = "$(TEST_HOST)";
				CODE_SIGN_STYLE = Automatic;
				CURRENT_PROJECT_VERSION = 1;
				DEVELOPMENT_TEAM = 2GJUMJWJC5;
				GENERATE_INFOPLIST_FILE = YES;
				IPHONEOS_DEPLOYMENT_TARGET = 17.5;
				MACOSX_DEPLOYMENT_TARGET = 14.5;
				MARKETING_VERSION = 1.0;
				PRODUCT_BUNDLE_IDENTIFIER = com.kylenabors.RecipeBoxTests;
				PRODUCT_NAME = "$(TARGET_NAME)";
				SDKROOT = auto;
				SUPPORTED_PLATFORMS = "iphoneos iphonesimulator macosx";
				SWIFT_EMIT_LOC_STRINGS = NO;
				SWIFT_VERSION = 5.0;
				TARGETED_DEVICE_FAMILY = "1,2";
				TEST_HOST = "$(BUILT_PRODUCTS_DIR)/RecipeBox.app/$(BUNDLE_EXECUTABLE_FOLDER_PATH)/RecipeBox";
			};
			name = Release;
		};
		94B4C6592C0E262E00D4C4EC /* Debug */ = {
			isa = XCBuildConfiguration;
			buildSettings = {
				ALWAYS_EMBED_SWIFT_STANDARD_LIBRARIES = YES;
				CODE_SIGN_STYLE = Automatic;
				CURRENT_PROJECT_VERSION = 1;
				DEVELOPMENT_TEAM = 2GJUMJWJC5;
				GENERATE_INFOPLIST_FILE = YES;
				IPHONEOS_DEPLOYMENT_TARGET = 17.5;
				MACOSX_DEPLOYMENT_TARGET = 14.5;
				MARKETING_VERSION = 1.0;
				PRODUCT_BUNDLE_IDENTIFIER = com.kylenabors.RecipeBoxUITests;
				PRODUCT_NAME = "$(TARGET_NAME)";
				SDKROOT = auto;
				SUPPORTED_PLATFORMS = "iphoneos iphonesimulator macosx";
				SWIFT_EMIT_LOC_STRINGS = NO;
				SWIFT_VERSION = 5.0;
				TARGETED_DEVICE_FAMILY = "1,2";
				TEST_TARGET_NAME = RecipeBox;
			};
			name = Debug;
		};
		94B4C65A2C0E262E00D4C4EC /* Release */ = {
			isa = XCBuildConfiguration;
			buildSettings = {
				ALWAYS_EMBED_SWIFT_STANDARD_LIBRARIES = YES;
				CODE_SIGN_STYLE = Automatic;
				CURRENT_PROJECT_VERSION = 1;
				DEVELOPMENT_TEAM = 2GJUMJWJC5;
				GENERATE_INFOPLIST_FILE = YES;
				IPHONEOS_DEPLOYMENT_TARGET = 17.5;
				MACOSX_DEPLOYMENT_TARGET = 14.5;
				MARKETING_VERSION = 1.0;
				PRODUCT_BUNDLE_IDENTIFIER = com.kylenabors.RecipeBoxUITests;
				PRODUCT_NAME = "$(TARGET_NAME)";
				SDKROOT = auto;
				SUPPORTED_PLATFORMS = "iphoneos iphonesimulator macosx";
				SWIFT_EMIT_LOC_STRINGS = NO;
				SWIFT_VERSION = 5.0;
				TARGETED_DEVICE_FAMILY = "1,2";
				TEST_TARGET_NAME = RecipeBox;
			};
			name = Release;
		};
/* End XCBuildConfiguration section */

/* Begin XCConfigurationList section */
		94B4C6262C0E262E00D4C4EC /* Build configuration list for PBXProject "RecipeBox" */ = {
			isa = XCConfigurationList;
			buildConfigurations = (
				94B4C6502C0E262E00D4C4EC /* Debug */,
				94B4C6512C0E262E00D4C4EC /* Release */,
			);
			defaultConfigurationIsVisible = 0;
			defaultConfigurationName = Release;
		};
		94B4C6522C0E262E00D4C4EC /* Build configuration list for PBXNativeTarget "RecipeBox" */ = {
			isa = XCConfigurationList;
			buildConfigurations = (
				94B4C6532C0E262E00D4C4EC /* Debug */,
				94B4C6542C0E262E00D4C4EC /* Release */,
			);
			defaultConfigurationIsVisible = 0;
			defaultConfigurationName = Release;
		};
		94B4C6552C0E262E00D4C4EC /* Build configuration list for PBXNativeTarget "RecipeBoxTests" */ = {
			isa = XCConfigurationList;
			buildConfigurations = (
				94B4C6562C0E262E00D4C4EC /* Debug */,
				94B4C6572C0E262E00D4C4EC /* Release */,
			);
			defaultConfigurationIsVisible = 0;
			defaultConfigurationName = Release;
		};
		94B4C6582C0E262E00D4C4EC /* Build configuration list for PBXNativeTarget "RecipeBoxUITests" */ = {
			isa = XCConfigurationList;
			buildConfigurations = (
				94B4C6592C0E262E00D4C4EC /* Debug */,
				94B4C65A2C0E262E00D4C4EC /* Release */,
			);
			defaultConfigurationIsVisible = 0;
			defaultConfigurationName = Release;
		};
/* End XCConfigurationList section */

/* Begin XCVersionGroup section */
		94B4C65E2C0E269500D4C4EC /* RecipeBoxContainer.xcdatamodeld */ = {
			isa = XCVersionGroup;
			children = (
				94B4C65F2C0E269500D4C4EC /* Model.xcdatamodel */,
			);
			currentVersion = 94B4C65F2C0E269500D4C4EC /* Model.xcdatamodel */;
			path = RecipeBoxContainer.xcdatamodeld;
			sourceTree = "<group>";
			versionGroupType = wrapper.xcdatamodel;
		};
/* End XCVersionGroup section */
	};
	rootObject = 94B4C6232C0E262E00D4C4EC /* Project object */;
}
